
Microsoft Visual Studio Solution File, Format Version 12.00
# Visual Studio Version 17
VisualStudioVersion = 17.3.32929.385
MinimumVisualStudioVersion = 10.0.40219.1
Project("{FAE04EC0-301F-11D3-BF4B-00C04F79EFBC}") = "Common", "..\Common\Common.csproj", "{28F45A63-C2C3-4983-AF96-B047F4234D45}"
EndProject
Project("{9A19103F-16F7-4668-BE54-9A1E7A4F7556}") = "Common.WPF", "..\Common.WPF\Common.WPF.csproj", "{F70539F5-3AB5-4C05-B950-C6FE02A7DA51}"
EndProject
Global
	GlobalSection(SolutionConfigurationPlatforms) = preSolution
		Debug|Any CPU = Debug|Any CPU
		Release|Any CPU = Release|Any CPU
	EndGlobalSection
	GlobalSection(ProjectConfigurationPlatforms) = postSolution
		{28F45A63-C2C3-4983-AF96-B047F4234D45}.Debug|Any CPU.ActiveCfg = Debug|Any CPU
		{28F45A63-C2C3-4983-AF96-B047F4234D45}.Debug|Any CPU.Build.0 = Debug|Any CPU
		{28F45A63-C2C3-4983-AF96-B047F4234D45}.Release|Any CPU.ActiveCfg = Release|Any CPU
		{28F45A63-C2C3-4983-AF96-B047F4234D45}.Release|Any CPU.Build.0 = Release|Any CPU
		{F70539F5-3AB5-4C05-B950-C6FE02A7DA51}.Debug|Any CPU.ActiveCfg = Debug|Any CPU
		{F70539F5-3AB5-4C05-B950-C6FE02A7DA51}.Debug|Any CPU.Build.0 = Debug|Any CPU
		{F70539F5-3AB5-4C05-B950-C6FE02A7DA51}.Release|Any CPU.ActiveCfg = Release|Any CPU
		{F70539F5-3AB5-4C05-B950-C6FE02A7DA51}.Release|Any CPU.Build.0 = Release|Any CPU
	EndGlobalSection
	GlobalSection(SolutionProperties) = preSolution
		HideSolutionNode = FALSE
	EndGlobalSection
	GlobalSection(ExtensibilityGlobals) = postSolution
		SolutionGuid = {6A988F46-3417-4170-98A5-AA8E1D535203}
	EndGlobalSection
EndGlobal
